
Microsoft Visual Studio Solution File, Format Version 12.00
# Visual Studio Version 17
VisualStudioVersion = 17.13.35931.197 d17.13
MinimumVisualStudioVersion = 10.0.40219.1
Project("{FAE04EC0-301F-11D3-BF4B-00C04F79EFBC}") = "1day", "1day\1day.csproj", "{193BA5FB-A58E-4287-AFDF-2D0A084638F3}"
EndProject
Global
	GlobalSection(SolutionConfigurationPlatforms) = preSolution
		Debug|Any CPU = Debug|Any CPU
		Release|Any CPU = Release|Any CPU
	EndGlobalSection
	GlobalSection(ProjectConfigurationPlatforms) = postSolution
		{193BA5FB-A58E-4287-AFDF-2D0A084638F3}.Debug|Any CPU.ActiveCfg = Debug|Any CPU
		{193BA5FB-A58E-4287-AFDF-2D0A084638F3}.Debug|Any CPU.Build.0 = Debug|Any CPU
		{193BA5FB-A58E-4287-AFDF-2D0A084638F3}.Release|Any CPU.ActiveCfg = Release|Any CPU
		{193BA5FB-A58E-4287-AFDF-2D0A084638F3}.Release|Any CPU.Build.0 = Release|Any CPU
	EndGlobalSection
	GlobalSection(SolutionProperties) = preSolution
		HideSolutionNode = FALSE
	EndGlobalSection
	GlobalSection(ExtensibilityGlobals) = postSolution
		SolutionGuid = {617AA859-D9ED-4A79-BE30-E168EBF486E7}
	EndGlobalSection
EndGlobal
